// !$*UTF8*$!
{
	archiveVersion = 1;
	classes = {
	};
	objectVersion = 50;
	objects = {

/* Begin PBXBuildFile section */
		3F33939325E9914D00582591 /* AppDelegate.swift in Sources */ = {isa = PBXBuildFile; fileRef = 3F33939225E9914D00582591 /* AppDelegate.swift */; };
		3F33939525E9914D00582591 /* SceneDelegate.swift in Sources */ = {isa = PBXBuildFile; fileRef = 3F33939425E9914D00582591 /* SceneDelegate.swift */; };
		3F33939725E9914D00582591 /* ViewController.swift in Sources */ = {isa = PBXBuildFile; fileRef = 3F33939625E9914D00582591 /* ViewController.swift */; };
		3F33939A25E9914D00582591 /* Main.storyboard in Resources */ = {isa = PBXBuildFile; fileRef = 3F33939825E9914D00582591 /* Main.storyboard */; };
		3F33939C25E9914E00582591 /* Assets.xcassets in Resources */ = {isa = PBXBuildFile; fileRef = 3F33939B25E9914E00582591 /* Assets.xcassets */; };
		3F33939F25E9914E00582591 /* LaunchScreen.storyboard in Resources */ = {isa = PBXBuildFile; fileRef = 3F33939D25E9914E00582591 /* LaunchScreen.storyboard */; };
		3F56889325EA66DE00C3799C /* APIVersionsResponse.swift in Sources */ = {isa = PBXBuildFile; fileRef = 3F56889225EA66DE00C3799C /* APIVersionsResponse.swift */; };
		3F7F1BB825EB8D640030FCD0 /* 3_SB_SANS in Resources */ = {isa = PBXBuildFile; fileRef = 3F7F1BB725EB8D640030FCD0 /* 3_SB_SANS */; };
		3F82D14025EA8C4700F97D33 /* CloudEyeProvider.swift in Sources */ = {isa = PBXBuildFile; fileRef = 3F82D13F25EA8C4700F97D33 /* CloudEyeProvider.swift */; };
		3F82D14825EA957A00F97D33 /* CloudEyeAPIClient.swift in Sources */ = {isa = PBXBuildFile; fileRef = 3F82D14725EA957A00F97D33 /* CloudEyeAPIClient.swift */; };
		3FDE828625EA2EA8002F6F47 /* Helpers.swift in Sources */ = {isa = PBXBuildFile; fileRef = 3FDE828525EA2EA8002F6F47 /* Helpers.swift */; };
		44C44976849AD690AD98FD51 /* libPods-State of The Cloud.a in Frameworks */ = {isa = PBXBuildFile; fileRef = 6AA49FE2B33F0FAAC1F764EC /* libPods-State of The Cloud.a */; };
/* End PBXBuildFile section */

/* Begin PBXFileReference section */
		1CC71AAC6EC392D4BBE2357D /* Pods-State of The Cloud.release.xcconfig */ = {isa = PBXFileReference; includeInIndex = 1; lastKnownFileType = text.xcconfig; name = "Pods-State of The Cloud.release.xcconfig"; path = "Target Support Files/Pods-State of The Cloud/Pods-State of The Cloud.release.xcconfig"; sourceTree = "<group>"; };
		3F2F55DD25E996D3009CAF4F /* NetworkConfiguration.xcconfig */ = {isa = PBXFileReference; lastKnownFileType = text.xcconfig; path = NetworkConfiguration.xcconfig; sourceTree = "<group>"; };
		3F33938F25E9914D00582591 /* State of The Cloud.app */ = {isa = PBXFileReference; explicitFileType = wrapper.application; includeInIndex = 0; path = "State of The Cloud.app"; sourceTree = BUILT_PRODUCTS_DIR; };
		3F33939225E9914D00582591 /* AppDelegate.swift */ = {isa = PBXFileReference; lastKnownFileType = sourcecode.swift; path = AppDelegate.swift; sourceTree = "<group>"; };
		3F33939425E9914D00582591 /* SceneDelegate.swift */ = {isa = PBXFileReference; lastKnownFileType = sourcecode.swift; path = SceneDelegate.swift; sourceTree = "<group>"; };
		3F33939625E9914D00582591 /* ViewController.swift */ = {isa = PBXFileReference; lastKnownFileType = sourcecode.swift; path = ViewController.swift; sourceTree = "<group>"; };
		3F33939925E9914D00582591 /* Base */ = {isa = PBXFileReference; lastKnownFileType = file.storyboard; name = Base; path = Base.lproj/Main.storyboard; sourceTree = "<group>"; };
		3F33939B25E9914E00582591 /* Assets.xcassets */ = {isa = PBXFileReference; lastKnownFileType = folder.assetcatalog; path = Assets.xcassets; sourceTree = "<group>"; };
		3F33939E25E9914E00582591 /* Base */ = {isa = PBXFileReference; lastKnownFileType = file.storyboard; name = Base; path = Base.lproj/LaunchScreen.storyboard; sourceTree = "<group>"; };
		3F3393A025E9914E00582591 /* Info.plist */ = {isa = PBXFileReference; lastKnownFileType = text.plist.xml; path = Info.plist; sourceTree = "<group>"; };
		3F56889225EA66DE00C3799C /* APIVersionsResponse.swift */ = {isa = PBXFileReference; lastKnownFileType = sourcecode.swift; path = APIVersionsResponse.swift; sourceTree = "<group>"; };
		3F7F1BB725EB8D640030FCD0 /* 3_SB_SANS */ = {isa = PBXFileReference; lastKnownFileType = folder; path = 3_SB_SANS; sourceTree = "<group>"; };
		3F82D13F25EA8C4700F97D33 /* CloudEyeProvider.swift */ = {isa = PBXFileReference; lastKnownFileType = sourcecode.swift; path = CloudEyeProvider.swift; sourceTree = "<group>"; };
		3F82D14725EA957A00F97D33 /* CloudEyeAPIClient.swift */ = {isa = PBXFileReference; lastKnownFileType = sourcecode.swift; path = CloudEyeAPIClient.swift; sourceTree = "<group>"; };
		3FDE828525EA2EA8002F6F47 /* Helpers.swift */ = {isa = PBXFileReference; lastKnownFileType = sourcecode.swift; path = Helpers.swift; sourceTree = "<group>"; };
		6AA49FE2B33F0FAAC1F764EC /* libPods-State of The Cloud.a */ = {isa = PBXFileReference; explicitFileType = archive.ar; includeInIndex = 0; path = "libPods-State of The Cloud.a"; sourceTree = BUILT_PRODUCTS_DIR; };
		E75F4EC4BDB686FB86AF1C7B /* Pods-State of The Cloud.debug.xcconfig */ = {isa = PBXFileReference; includeInIndex = 1; lastKnownFileType = text.xcconfig; name = "Pods-State of The Cloud.debug.xcconfig"; path = "Target Support Files/Pods-State of The Cloud/Pods-State of The Cloud.debug.xcconfig"; sourceTree = "<group>"; };
/* End PBXFileReference section */

/* Begin PBXFrameworksBuildPhase section */
		3F33938C25E9914D00582591 /* Frameworks */ = {
			isa = PBXFrameworksBuildPhase;
			buildActionMask = 2147483647;
			files = (
				44C44976849AD690AD98FD51 /* libPods-State of The Cloud.a in Frameworks */,
			);
			runOnlyForDeploymentPostprocessing = 0;
		};
/* End PBXFrameworksBuildPhase section */

/* Begin PBXGroup section */
		3F2F55DA25E99354009CAF4F /* Networking */ = {
			isa = PBXGroup;
			children = (
				3F82D13F25EA8C4700F97D33 /* CloudEyeProvider.swift */,
				3F82D14725EA957A00F97D33 /* CloudEyeAPIClient.swift */,
			);
			path = Networking;
			sourceTree = "<group>";
		};
		3F33938625E9914D00582591 = {
			isa = PBXGroup;
			children = (
				3F33939125E9914D00582591 /* State of The Cloud */,
				3F33939025E9914D00582591 /* Products */,
				EE7EEBD2BD77D1E9FCB600AE /* Pods */,
				E25CD0FE89322FAD08390E82 /* Frameworks */,
			);
			sourceTree = "<group>";
		};
		3F33939025E9914D00582591 /* Products */ = {
			isa = PBXGroup;
			children = (
				3F33938F25E9914D00582591 /* State of The Cloud.app */,
			);
			name = Products;
			sourceTree = "<group>";
		};
		3F33939125E9914D00582591 /* State of The Cloud */ = {
			isa = PBXGroup;
			children = (
				3F7F1BB525EB8CBD0030FCD0 /* Resources */,
				3F3393A025E9914E00582591 /* Info.plist */,
				3F56889125EA65F600C3799C /* Common */,
				3F56889025EA65E400C3799C /* Controller */,
				3F56888E25EA65DA00C3799C /* Model */,
				3F2F55DA25E99354009CAF4F /* Networking */,
				3F56888F25EA65DF00C3799C /* UI */,
			);
			path = "State of The Cloud";
			sourceTree = "<group>";
		};
		3F56888E25EA65DA00C3799C /* Model */ = {
			isa = PBXGroup;
			children = (
				3F56889225EA66DE00C3799C /* APIVersionsResponse.swift */,
			);
			path = Model;
			sourceTree = "<group>";
		};
		3F56888F25EA65DF00C3799C /* UI */ = {
			isa = PBXGroup;
			children = (
				3F33939D25E9914E00582591 /* LaunchScreen.storyboard */,
				3F33939825E9914D00582591 /* Main.storyboard */,
			);
			path = UI;
			sourceTree = "<group>";
		};
		3F56889025EA65E400C3799C /* Controller */ = {
			isa = PBXGroup;
			children = (
				3F33939625E9914D00582591 /* ViewController.swift */,
			);
			path = Controller;
			sourceTree = "<group>";
		};
		3F56889125EA65F600C3799C /* Common */ = {
			isa = PBXGroup;
			children = (
				3F2F55DD25E996D3009CAF4F /* NetworkConfiguration.xcconfig */,
				3F33939225E9914D00582591 /* AppDelegate.swift */,
				3FDE828525EA2EA8002F6F47 /* Helpers.swift */,
				3F33939425E9914D00582591 /* SceneDelegate.swift */,
			);
			path = Common;
			sourceTree = "<group>";
		};
		3F7F1BB525EB8CBD0030FCD0 /* Resources */ = {
			isa = PBXGroup;
			children = (
				3F7F1BB625EB8D4B0030FCD0 /* Fonts */,
				3F33939B25E9914E00582591 /* Assets.xcassets */,
			);
			path = Resources;
			sourceTree = "<group>";
		};
		3F7F1BB625EB8D4B0030FCD0 /* Fonts */ = {
			isa = PBXGroup;
			children = (
				3F7F1BB725EB8D640030FCD0 /* 3_SB_SANS */,
			);
			path = Fonts;
			sourceTree = "<group>";
		};
		E25CD0FE89322FAD08390E82 /* Frameworks */ = {
			isa = PBXGroup;
			children = (
				6AA49FE2B33F0FAAC1F764EC /* libPods-State of The Cloud.a */,
			);
			name = Frameworks;
			sourceTree = "<group>";
		};
		EE7EEBD2BD77D1E9FCB600AE /* Pods */ = {
			isa = PBXGroup;
			children = (
				E75F4EC4BDB686FB86AF1C7B /* Pods-State of The Cloud.debug.xcconfig */,
				1CC71AAC6EC392D4BBE2357D /* Pods-State of The Cloud.release.xcconfig */,
			);
			path = Pods;
			sourceTree = "<group>";
		};
/* End PBXGroup section */

/* Begin PBXNativeTarget section */
		3F33938E25E9914D00582591 /* State of The Cloud */ = {
			isa = PBXNativeTarget;
			buildConfigurationList = 3F3393A325E9914E00582591 /* Build configuration list for PBXNativeTarget "State of The Cloud" */;
			buildPhases = (
				7E27A0FF1631831EE8192DE7 /* [CP] Check Pods Manifest.lock */,
				3F33938B25E9914D00582591 /* Sources */,
				3F33938C25E9914D00582591 /* Frameworks */,
				3F33938D25E9914D00582591 /* Resources */,
			);
			buildRules = (
			);
			dependencies = (
			);
			name = "State of The Cloud";
			productName = "State of The Cloud";
			productReference = 3F33938F25E9914D00582591 /* State of The Cloud.app */;
			productType = "com.apple.product-type.application";
		};
/* End PBXNativeTarget section */

/* Begin PBXProject section */
		3F33938725E9914D00582591 /* Project object */ = {
			isa = PBXProject;
			attributes = {
				LastSwiftUpdateCheck = 1240;
				LastUpgradeCheck = 1240;
				TargetAttributes = {
					3F33938E25E9914D00582591 = {
						CreatedOnToolsVersion = 12.4;
					};
				};
			};
			buildConfigurationList = 3F33938A25E9914D00582591 /* Build configuration list for PBXProject "State of The Cloud" */;
			compatibilityVersion = "Xcode 9.3";
			developmentRegion = en;
			hasScannedForEncodings = 0;
			knownRegions = (
				en,
				Base,
			);
			mainGroup = 3F33938625E9914D00582591;
			productRefGroup = 3F33939025E9914D00582591 /* Products */;
			projectDirPath = "";
			projectRoot = "";
			targets = (
				3F33938E25E9914D00582591 /* State of The Cloud */,
			);
		};
/* End PBXProject section */

/* Begin PBXResourcesBuildPhase section */
		3F33938D25E9914D00582591 /* Resources */ = {
			isa = PBXResourcesBuildPhase;
			buildActionMask = 2147483647;
			files = (
				3F7F1BB825EB8D640030FCD0 /* 3_SB_SANS in Resources */,
				3F33939F25E9914E00582591 /* LaunchScreen.storyboard in Resources */,
				3F33939C25E9914E00582591 /* Assets.xcassets in Resources */,
				3F33939A25E9914D00582591 /* Main.storyboard in Resources */,
			);
			runOnlyForDeploymentPostprocessing = 0;
		};
/* End PBXResourcesBuildPhase section */

/* Begin PBXShellScriptBuildPhase section */
		7E27A0FF1631831EE8192DE7 /* [CP] Check Pods Manifest.lock */ = {
			isa = PBXShellScriptBuildPhase;
			buildActionMask = 2147483647;
			files = (
			);
			inputFileListPaths = (
			);
			inputPaths = (
				"${PODS_PODFILE_DIR_PATH}/Podfile.lock",
				"${PODS_ROOT}/Manifest.lock",
			);
			name = "[CP] Check Pods Manifest.lock";
			outputFileListPaths = (
			);
			outputPaths = (
				"$(DERIVED_FILE_DIR)/Pods-State of The Cloud-checkManifestLockResult.txt",
			);
			runOnlyForDeploymentPostprocessing = 0;
			shellPath = /bin/sh;
			shellScript = "diff \"${PODS_PODFILE_DIR_PATH}/Podfile.lock\" \"${PODS_ROOT}/Manifest.lock\" > /dev/null\nif [ $? != 0 ] ; then\n    # print error to STDERR\n    echo \"error: The sandbox is not in sync with the Podfile.lock. Run 'pod install' or update your CocoaPods installation.\" >&2\n    exit 1\nfi\n# This output is used by Xcode 'outputs' to avoid re-running this script phase.\necho \"SUCCESS\" > \"${SCRIPT_OUTPUT_FILE_0}\"\n";
			showEnvVarsInLog = 0;
		};
/* End PBXShellScriptBuildPhase section */

/* Begin PBXSourcesBuildPhase section */
		3F33938B25E9914D00582591 /* Sources */ = {
			isa = PBXSourcesBuildPhase;
			buildActionMask = 2147483647;
			files = (
				3F33939725E9914D00582591 /* ViewController.swift in Sources */,
				3FDE828625EA2EA8002F6F47 /* Helpers.swift in Sources */,
				3F33939325E9914D00582591 /* AppDelegate.swift in Sources */,
				3F56889325EA66DE00C3799C /* APIVersionsResponse.swift in Sources */,
				3F82D14025EA8C4700F97D33 /* CloudEyeProvider.swift in Sources */,
				3F82D14825EA957A00F97D33 /* CloudEyeAPIClient.swift in Sources */,
				3F33939525E9914D00582591 /* SceneDelegate.swift in Sources */,
			);
			runOnlyForDeploymentPostprocessing = 0;
		};
/* End PBXSourcesBuildPhase section */

/* Begin PBXVariantGroup section */
		3F33939825E9914D00582591 /* Main.storyboard */ = {
			isa = PBXVariantGroup;
			children = (
				3F33939925E9914D00582591 /* Base */,
			);
			name = Main.storyboard;
			sourceTree = "<group>";
		};
		3F33939D25E9914E00582591 /* LaunchScreen.storyboard */ = {
			isa = PBXVariantGroup;
			children = (
				3F33939E25E9914E00582591 /* Base */,
			);
			name = LaunchScreen.storyboard;
			sourceTree = "<group>";
		};
/* End PBXVariantGroup section */

/* Begin XCBuildConfiguration section */
		3F3393A125E9914E00582591 /* Debug */ = {
			isa = XCBuildConfiguration;
			baseConfigurationReference = 3F2F55DD25E996D3009CAF4F /* NetworkConfiguration.xcconfig */;
			buildSettings = {
				ALWAYS_SEARCH_USER_PATHS = NO;
				CLANG_ANALYZER_NONNULL = YES;
				CLANG_ANALYZER_NUMBER_OBJECT_CONVERSION = YES_AGGRESSIVE;
				CLANG_CXX_LANGUAGE_STANDARD = "gnu++14";
				CLANG_CXX_LIBRARY = "libc++";
				CLANG_ENABLE_MODULES = YES;
				CLANG_ENABLE_OBJC_ARC = YES;
				CLANG_ENABLE_OBJC_WEAK = YES;
				CLANG_WARN_BLOCK_CAPTURE_AUTORELEASING = YES;
				CLANG_WARN_BOOL_CONVERSION = YES;
				CLANG_WARN_COMMA = YES;
				CLANG_WARN_CONSTANT_CONVERSION = YES;
				CLANG_WARN_DEPRECATED_OBJC_IMPLEMENTATIONS = YES;
				CLANG_WARN_DIRECT_OBJC_ISA_USAGE = YES_ERROR;
				CLANG_WARN_DOCUMENTATION_COMMENTS = YES;
				CLANG_WARN_EMPTY_BODY = YES;
				CLANG_WARN_ENUM_CONVERSION = YES;
				CLANG_WARN_INFINITE_RECURSION = YES;
				CLANG_WARN_INT_CONVERSION = YES;
				CLANG_WARN_NON_LITERAL_NULL_CONVERSION = YES;
				CLANG_WARN_OBJC_IMPLICIT_RETAIN_SELF = YES;
				CLANG_WARN_OBJC_LITERAL_CONVERSION = YES;
				CLANG_WARN_OBJC_ROOT_CLASS = YES_ERROR;
				CLANG_WARN_QUOTED_INCLUDE_IN_FRAMEWORK_HEADER = YES;
				CLANG_WARN_RANGE_LOOP_ANALYSIS = YES;
				CLANG_WARN_STRICT_PROTOTYPES = YES;
				CLANG_WARN_SUSPICIOUS_MOVE = YES;
				CLANG_WARN_UNGUARDED_AVAILABILITY = YES_AGGRESSIVE;
				CLANG_WARN_UNREACHABLE_CODE = YES;
				CLANG_WARN__DUPLICATE_METHOD_MATCH = YES;
				COPY_PHASE_STRIP = NO;
				DEBUG_INFORMATION_FORMAT = dwarf;
				ENABLE_STRICT_OBJC_MSGSEND = YES;
				ENABLE_TESTABILITY = YES;
				GCC_C_LANGUAGE_STANDARD = gnu11;
				GCC_DYNAMIC_NO_PIC = NO;
				GCC_NO_COMMON_BLOCKS = YES;
				GCC_OPTIMIZATION_LEVEL = 0;
				GCC_PREPROCESSOR_DEFINITIONS = (
					"DEBUG=1",
					"$(inherited)",
				);
				GCC_WARN_64_TO_32_BIT_CONVERSION = YES;
				GCC_WARN_ABOUT_RETURN_TYPE = YES_ERROR;
				GCC_WARN_UNDECLARED_SELECTOR = YES;
				GCC_WARN_UNINITIALIZED_AUTOS = YES_AGGRESSIVE;
				GCC_WARN_UNUSED_FUNCTION = YES;
				GCC_WARN_UNUSED_VARIABLE = YES;
				IPHONEOS_DEPLOYMENT_TARGET = 14.4;
				MTL_ENABLE_DEBUG_INFO = INCLUDE_SOURCE;
				MTL_FAST_MATH = YES;
				ONLY_ACTIVE_ARCH = YES;
				SDKROOT = iphoneos;
				SWIFT_ACTIVE_COMPILATION_CONDITIONS = DEBUG;
				SWIFT_OPTIMIZATION_LEVEL = "-Onone";
			};
			name = Debug;
		};
		3F3393A225E9914E00582591 /* Release */ = {
			isa = XCBuildConfiguration;
			baseConfigurationReference = 3F2F55DD25E996D3009CAF4F /* NetworkConfiguration.xcconfig */;
			buildSettings = {
				ALWAYS_SEARCH_USER_PATHS = NO;
				CLANG_ANALYZER_NONNULL = YES;
				CLANG_ANALYZER_NUMBER_OBJECT_CONVERSION = YES_AGGRESSIVE;
				CLANG_CXX_LANGUAGE_STANDARD = "gnu++14";
				CLANG_CXX_LIBRARY = "libc++";
				CLANG_ENABLE_MODULES = YES;
				CLANG_ENABLE_OBJC_ARC = YES;
				CLANG_ENABLE_OBJC_WEAK = YES;
				CLANG_WARN_BLOCK_CAPTURE_AUTORELEASING = YES;
				CLANG_WARN_BOOL_CONVERSION = YES;
				CLANG_WARN_COMMA = YES;
				CLANG_WARN_CONSTANT_CONVERSION = YES;
				CLANG_WARN_DEPRECATED_OBJC_IMPLEMENTATIONS = YES;
				CLANG_WARN_DIRECT_OBJC_ISA_USAGE = YES_ERROR;
				CLANG_WARN_DOCUMENTATION_COMMENTS = YES;
				CLANG_WARN_EMPTY_BODY = YES;
				CLANG_WARN_ENUM_CONVERSION = YES;
				CLANG_WARN_INFINITE_RECURSION = YES;
				CLANG_WARN_INT_CONVERSION = YES;
				CLANG_WARN_NON_LITERAL_NULL_CONVERSION = YES;
				CLANG_WARN_OBJC_IMPLICIT_RETAIN_SELF = YES;
				CLANG_WARN_OBJC_LITERAL_CONVERSION = YES;
				CLANG_WARN_OBJC_ROOT_CLASS = YES_ERROR;
				CLANG_WARN_QUOTED_INCLUDE_IN_FRAMEWORK_HEADER = YES;
				CLANG_WARN_RANGE_LOOP_ANALYSIS = YES;
				CLANG_WARN_STRICT_PROTOTYPES = YES;
				CLANG_WARN_SUSPICIOUS_MOVE = YES;
				CLANG_WARN_UNGUARDED_AVAILABILITY = YES_AGGRESSIVE;
				CLANG_WARN_UNREACHABLE_CODE = YES;
				CLANG_WARN__DUPLICATE_METHOD_MATCH = YES;
				COPY_PHASE_STRIP = NO;
				DEBUG_INFORMATION_FORMAT = "dwarf-with-dsym";
				ENABLE_NS_ASSERTIONS = NO;
				ENABLE_STRICT_OBJC_MSGSEND = YES;
				GCC_C_LANGUAGE_STANDARD = gnu11;
				GCC_NO_COMMON_BLOCKS = YES;
				GCC_WARN_64_TO_32_BIT_CONVERSION = YES;
				GCC_WARN_ABOUT_RETURN_TYPE = YES_ERROR;
				GCC_WARN_UNDECLARED_SELECTOR = YES;
				GCC_WARN_UNINITIALIZED_AUTOS = YES_AGGRESSIVE;
				GCC_WARN_UNUSED_FUNCTION = YES;
				GCC_WARN_UNUSED_VARIABLE = YES;
				IPHONEOS_DEPLOYMENT_TARGET = 14.4;
				MTL_ENABLE_DEBUG_INFO = NO;
				MTL_FAST_MATH = YES;
				SDKROOT = iphoneos;
				SWIFT_COMPILATION_MODE = wholemodule;
				SWIFT_OPTIMIZATION_LEVEL = "-O";
				VALIDATE_PRODUCT = YES;
			};
			name = Release;
		};
		3F3393A425E9914E00582591 /* Debug */ = {
			isa = XCBuildConfiguration;
			baseConfigurationReference = E75F4EC4BDB686FB86AF1C7B /* Pods-State of The Cloud.debug.xcconfig */;
			buildSettings = {
				ASSETCATALOG_COMPILER_APPICON_NAME = AppIcon;
				ASSETCATALOG_COMPILER_GLOBAL_ACCENT_COLOR_NAME = AccentColor;
				CODE_SIGN_STYLE = Automatic;
				DEVELOPMENT_TEAM = FH9R39U9P3;
				INFOPLIST_FILE = "State of The Cloud/Info.plist";
				LD_RUNPATH_SEARCH_PATHS = (
					"$(inherited)",
					"@executable_path/Frameworks",
				);
				PRODUCT_BUNDLE_IDENTIFIER = "com.wcgb.State-of-The-Cloud";
				PRODUCT_NAME = "$(TARGET_NAME)";
				SWIFT_VERSION = 5.0;
				TARGETED_DEVICE_FAMILY = "1,2";
			};
			name = Debug;
		};
		3F3393A525E9914E00582591 /* Release */ = {
			isa = XCBuildConfiguration;
			baseConfigurationReference = 1CC71AAC6EC392D4BBE2357D /* Pods-State of The Cloud.release.xcconfig */;
			buildSettings = {
				ASSETCATALOG_COMPILER_APPICON_NAME = AppIcon;
				ASSETCATALOG_COMPILER_GLOBAL_ACCENT_COLOR_NAME = AccentColor;
				CODE_SIGN_STYLE = Automatic;
				DEVELOPMENT_TEAM = FH9R39U9P3;
				INFOPLIST_FILE = "State of The Cloud/Info.plist";
				LD_RUNPATH_SEARCH_PATHS = (
					"$(inherited)",
					"@executable_path/Frameworks",
				);
				PRODUCT_BUNDLE_IDENTIFIER = "com.wcgb.State-of-The-Cloud";
				PRODUCT_NAME = "$(TARGET_NAME)";
				SWIFT_VERSION = 5.0;
				TARGETED_DEVICE_FAMILY = "1,2";
			};
			name = Release;
		};
/* End XCBuildConfiguration section */

/* Begin XCConfigurationList section */
		3F33938A25E9914D00582591 /* Build configuration list for PBXProject "State of The Cloud" */ = {
			isa = XCConfigurationList;
			buildConfigurations = (
				3F3393A125E9914E00582591 /* Debug */,
				3F3393A225E9914E00582591 /* Release */,
			);
			defaultConfigurationIsVisible = 0;
			defaultConfigurationName = Release;
		};
		3F3393A325E9914E00582591 /* Build configuration list for PBXNativeTarget "State of The Cloud" */ = {
			isa = XCConfigurationList;
			buildConfigurations = (
				3F3393A425E9914E00582591 /* Debug */,
				3F3393A525E9914E00582591 /* Release */,
			);
			defaultConfigurationIsVisible = 0;
			defaultConfigurationName = Release;
		};
/* End XCConfigurationList section */
	};
	rootObject = 3F33938725E9914D00582591 /* Project object */;
}
